
Microsoft Visual Studio Solution File, Format Version 12.00
# Visual Studio 2013
VisualStudioVersion = 12.0.31101.0
MinimumVisualStudioVersion = 10.0.40219.1
Project("{FAE04EC0-301F-11D3-BF4B-00C04F79EFBC}") = "BAT", "BAT\BAT.csproj", "{91A9D171-A040-4E0F-BD0B-4C87E5184097}"
EndProject
Project("{FAE04EC0-301F-11D3-BF4B-00C04F79EFBC}") = "BATTests", "BATTests\BATTests.csproj", "{46C55BE0-9C16-4999-B88E-CBBA6E43B064}"
EndProject
Global
	GlobalSection(SolutionConfigurationPlatforms) = preSolution
		Debug|Any CPU = Debug|Any CPU
		Release|Any CPU = Release|Any CPU
	EndGlobalSection
	GlobalSection(ProjectConfigurationPlatforms) = postSolution
		{91A9D171-A040-4E0F-BD0B-4C87E5184097}.Debug|Any CPU.ActiveCfg = Debug|Any CPU
		{91A9D171-A040-4E0F-BD0B-4C87E5184097}.Debug|Any CPU.Build.0 = Debug|Any CPU
		{91A9D171-A040-4E0F-BD0B-4C87E5184097}.Release|Any CPU.ActiveCfg = Release|Any CPU
		{91A9D171-A040-4E0F-BD0B-4C87E5184097}.Release|Any CPU.Build.0 = Release|Any CPU
		{46C55BE0-9C16-4999-B88E-CBBA6E43B064}.Debug|Any CPU.ActiveCfg = Debug|Any CPU
		{46C55BE0-9C16-4999-B88E-CBBA6E43B064}.Debug|Any CPU.Build.0 = Debug|Any CPU
		{46C55BE0-9C16-4999-B88E-CBBA6E43B064}.Release|Any CPU.ActiveCfg = Release|Any CPU
		{46C55BE0-9C16-4999-B88E-CBBA6E43B064}.Release|Any CPU.Build.0 = Release|Any CPU
	EndGlobalSection
	GlobalSection(SolutionProperties) = preSolution
		HideSolutionNode = FALSE
	EndGlobalSection
EndGlobal
